// !$*UTF8*$!
{
	archiveVersion = 1;
	classes = {
	};
	objectVersion = 50;
	objects = {

/* Begin PBXBuildFile section */
		AF8C3B6526562DFB0004C769 /* project_9App.swift in Sources */ = {isa = PBXBuildFile; fileRef = AF8C3B6426562DFB0004C769 /* project_9App.swift */; };
		AF8C3B6926562DFE0004C769 /* Assets.xcassets in Resources */ = {isa = PBXBuildFile; fileRef = AF8C3B6826562DFE0004C769 /* Assets.xcassets */; };
		AF8C3B6C26562DFE0004C769 /* Preview Assets.xcassets in Resources */ = {isa = PBXBuildFile; fileRef = AF8C3B6B26562DFE0004C769 /* Preview Assets.xcassets */; };
		AF8C3B74265632240004C769 /* CreatingCustomPath.swift in Sources */ = {isa = PBXBuildFile; fileRef = AF8C3B73265632240004C769 /* CreatingCustomPath.swift */; };
		AF8C3B76265654540004C769 /* PathVsShape.swift in Sources */ = {isa = PBXBuildFile; fileRef = AF8C3B75265654540004C769 /* PathVsShape.swift */; };
		AF8C3B7826565F000004C769 /* AddingStrokeBorder.swift in Sources */ = {isa = PBXBuildFile; fileRef = AF8C3B7726565F000004C769 /* AddingStrokeBorder.swift */; };
		AF8C3B7A26579C6A0004C769 /* TransformingShapesView.swift in Sources */ = {isa = PBXBuildFile; fileRef = AF8C3B7926579C6A0004C769 /* TransformingShapesView.swift */; };
		AF8C3B7C26579CB00004C769 /* ContentView.swift in Sources */ = {isa = PBXBuildFile; fileRef = AF8C3B7B26579CAF0004C769 /* ContentView.swift */; };
		AF8C3B7E2657D9890004C769 /* ImagePaint.swift in Sources */ = {isa = PBXBuildFile; fileRef = AF8C3B7D2657D9890004C769 /* ImagePaint.swift */; };
		AF8C3B802658F5DF0004C769 /* MetalRendering.swift in Sources */ = {isa = PBXBuildFile; fileRef = AF8C3B7F2658F5DF0004C769 /* MetalRendering.swift */; };
		AF8C3B82265BD6B80004C769 /* SpecialEffect.swift in Sources */ = {isa = PBXBuildFile; fileRef = AF8C3B81265BD6B80004C769 /* SpecialEffect.swift */; };
		AF8C3B84265BDE330004C769 /* AnimableData.swift in Sources */ = {isa = PBXBuildFile; fileRef = AF8C3B83265BDE330004C769 /* AnimableData.swift */; };
/* End PBXBuildFile section */

/* Begin PBXFileReference section */
		AF8C3B6126562DFB0004C769 /* project 9.app */ = {isa = PBXFileReference; explicitFileType = wrapper.application; includeInIndex = 0; path = "project 9.app"; sourceTree = BUILT_PRODUCTS_DIR; };
		AF8C3B6426562DFB0004C769 /* project_9App.swift */ = {isa = PBXFileReference; lastKnownFileType = sourcecode.swift; path = project_9App.swift; sourceTree = "<group>"; };
		AF8C3B6826562DFE0004C769 /* Assets.xcassets */ = {isa = PBXFileReference; lastKnownFileType = folder.assetcatalog; path = Assets.xcassets; sourceTree = "<group>"; };
		AF8C3B6B26562DFE0004C769 /* Preview Assets.xcassets */ = {isa = PBXFileReference; lastKnownFileType = folder.assetcatalog; path = "Preview Assets.xcassets"; sourceTree = "<group>"; };
		AF8C3B6D26562DFE0004C769 /* Info.plist */ = {isa = PBXFileReference; lastKnownFileType = text.plist.xml; path = Info.plist; sourceTree = "<group>"; };
		AF8C3B73265632240004C769 /* CreatingCustomPath.swift */ = {isa = PBXFileReference; lastKnownFileType = sourcecode.swift; path = CreatingCustomPath.swift; sourceTree = "<group>"; };
		AF8C3B75265654540004C769 /* PathVsShape.swift */ = {isa = PBXFileReference; lastKnownFileType = sourcecode.swift; path = PathVsShape.swift; sourceTree = "<group>"; };
		AF8C3B7726565F000004C769 /* AddingStrokeBorder.swift */ = {isa = PBXFileReference; lastKnownFileType = sourcecode.swift; path = AddingStrokeBorder.swift; sourceTree = "<group>"; };
		AF8C3B7926579C6A0004C769 /* TransformingShapesView.swift */ = {isa = PBXFileReference; lastKnownFileType = sourcecode.swift; path = TransformingShapesView.swift; sourceTree = "<group>"; };
		AF8C3B7B26579CAF0004C769 /* ContentView.swift */ = {isa = PBXFileReference; fileEncoding = 4; lastKnownFileType = sourcecode.swift; path = ContentView.swift; sourceTree = "<group>"; };
		AF8C3B7D2657D9890004C769 /* ImagePaint.swift */ = {isa = PBXFileReference; lastKnownFileType = sourcecode.swift; path = ImagePaint.swift; sourceTree = "<group>"; };
		AF8C3B7F2658F5DF0004C769 /* MetalRendering.swift */ = {isa = PBXFileReference; lastKnownFileType = sourcecode.swift; path = MetalRendering.swift; sourceTree = "<group>"; };
		AF8C3B81265BD6B80004C769 /* SpecialEffect.swift */ = {isa = PBXFileReference; lastKnownFileType = sourcecode.swift; path = SpecialEffect.swift; sourceTree = "<group>"; };
		AF8C3B83265BDE330004C769 /* AnimableData.swift */ = {isa = PBXFileReference; lastKnownFileType = sourcecode.swift; path = AnimableData.swift; sourceTree = "<group>"; };
/* End PBXFileReference section */

/* Begin PBXFrameworksBuildPhase section */
		AF8C3B5E26562DFB0004C769 /* Frameworks */ = {
			isa = PBXFrameworksBuildPhase;
			buildActionMask = 2147483647;
			files = (
			);
			runOnlyForDeploymentPostprocessing = 0;
		};
/* End PBXFrameworksBuildPhase section */

/* Begin PBXGroup section */
		AF8C3B5826562DFB0004C769 = {
			isa = PBXGroup;
			children = (
				AF8C3B6326562DFB0004C769 /* project 9 */,
				AF8C3B6226562DFB0004C769 /* Products */,
			);
			sourceTree = "<group>";
		};
		AF8C3B6226562DFB0004C769 /* Products */ = {
			isa = PBXGroup;
			children = (
				AF8C3B6126562DFB0004C769 /* project 9.app */,
			);
			name = Products;
			sourceTree = "<group>";
		};
		AF8C3B6326562DFB0004C769 /* project 9 */ = {
			isa = PBXGroup;
			children = (
				AF8C3B6426562DFB0004C769 /* project_9App.swift */,
				AF8C3B7B26579CAF0004C769 /* ContentView.swift */,
				AF8C3B73265632240004C769 /* CreatingCustomPath.swift */,
				AF8C3B75265654540004C769 /* PathVsShape.swift */,
				AF8C3B7726565F000004C769 /* AddingStrokeBorder.swift */,
				AF8C3B7926579C6A0004C769 /* TransformingShapesView.swift */,
				AF8C3B7D2657D9890004C769 /* ImagePaint.swift */,
				AF8C3B7F2658F5DF0004C769 /* MetalRendering.swift */,
				AF8C3B81265BD6B80004C769 /* SpecialEffect.swift */,
				AF8C3B83265BDE330004C769 /* AnimableData.swift */,
				AF8C3B6826562DFE0004C769 /* Assets.xcassets */,
				AF8C3B6D26562DFE0004C769 /* Info.plist */,
				AF8C3B6A26562DFE0004C769 /* Preview Content */,
			);
			path = "project 9";
			sourceTree = "<group>";
		};
		AF8C3B6A26562DFE0004C769 /* Preview Content */ = {
			isa = PBXGroup;
			children = (
				AF8C3B6B26562DFE0004C769 /* Preview Assets.xcassets */,
			);
			path = "Preview Content";
			sourceTree = "<group>";
		};
/* End PBXGroup section */

/* Begin PBXNativeTarget section */
		AF8C3B6026562DFB0004C769 /* project 9 */ = {
			isa = PBXNativeTarget;
			buildConfigurationList = AF8C3B7026562DFE0004C769 /* Build configuration list for PBXNativeTarget "project 9" */;
			buildPhases = (
				AF8C3B5D26562DFB0004C769 /* Sources */,
				AF8C3B5E26562DFB0004C769 /* Frameworks */,
				AF8C3B5F26562DFB0004C769 /* Resources */,
			);
			buildRules = (
			);
			dependencies = (
			);
			name = "project 9";
			productName = "project 9";
			productReference = AF8C3B6126562DFB0004C769 /* project 9.app */;
			productType = "com.apple.product-type.application";
		};
/* End PBXNativeTarget section */

/* Begin PBXProject section */
		AF8C3B5926562DFB0004C769 /* Project object */ = {
			isa = PBXProject;
			attributes = {
				LastSwiftUpdateCheck = 1200;
				LastUpgradeCheck = 1200;
				TargetAttributes = {
					AF8C3B6026562DFB0004C769 = {
						CreatedOnToolsVersion = 12.0;
					};
				};
			};
			buildConfigurationList = AF8C3B5C26562DFB0004C769 /* Build configuration list for PBXProject "project 9" */;
			compatibilityVersion = "Xcode 9.3";
			developmentRegion = en;
			hasScannedForEncodings = 0;
			knownRegions = (
				en,
				Base,
			);
			mainGroup = AF8C3B5826562DFB0004C769;
			productRefGroup = AF8C3B6226562DFB0004C769 /* Products */;
			projectDirPath = "";
			projectRoot = "";
			targets = (
				AF8C3B6026562DFB0004C769 /* project 9 */,
			);
		};
/* End PBXProject section */

/* Begin PBXResourcesBuildPhase section */
		AF8C3B5F26562DFB0004C769 /* Resources */ = {
			isa = PBXResourcesBuildPhase;
			buildActionMask = 2147483647;
			files = (
				AF8C3B6C26562DFE0004C769 /* Preview Assets.xcassets in Resources */,
				AF8C3B6926562DFE0004C769 /* Assets.xcassets in Resources */,
			);
			runOnlyForDeploymentPostprocessing = 0;
		};
/* End PBXResourcesBuildPhase section */

/* Begin PBXSourcesBuildPhase section */
		AF8C3B5D26562DFB0004C769 /* Sources */ = {
			isa = PBXSourcesBuildPhase;
			buildActionMask = 2147483647;
			files = (
				AF8C3B802658F5DF0004C769 /* MetalRendering.swift in Sources */,
				AF8C3B7E2657D9890004C769 /* ImagePaint.swift in Sources */,
				AF8C3B7826565F000004C769 /* AddingStrokeBorder.swift in Sources */,
				AF8C3B82265BD6B80004C769 /* SpecialEffect.swift in Sources */,
				AF8C3B6526562DFB0004C769 /* project_9App.swift in Sources */,
				AF8C3B7C26579CB00004C769 /* ContentView.swift in Sources */,
				AF8C3B84265BDE330004C769 /* AnimableData.swift in Sources */,
				AF8C3B74265632240004C769 /* CreatingCustomPath.swift in Sources */,
				AF8C3B7A26579C6A0004C769 /* TransformingShapesView.swift in Sources */,
				AF8C3B76265654540004C769 /* PathVsShape.swift in Sources */,
			);
			runOnlyForDeploymentPostprocessing = 0;
		};
/* End PBXSourcesBuildPhase section */

/* Begin XCBuildConfiguration section */
		AF8C3B6E26562DFE0004C769 /* Debug */ = {
			isa = XCBuildConfiguration;
			buildSettings = {
				ALWAYS_SEARCH_USER_PATHS = NO;
				CLANG_ANALYZER_NONNULL = YES;
				CLANG_ANALYZER_NUMBER_OBJECT_CONVERSION = YES_AGGRESSIVE;
				CLANG_CXX_LANGUAGE_STANDARD = "gnu++14";
				CLANG_CXX_LIBRARY = "libc++";
				CLANG_ENABLE_MODULES = YES;
				CLANG_ENABLE_OBJC_ARC = YES;
				CLANG_ENABLE_OBJC_WEAK = YES;
				CLANG_WARN_BLOCK_CAPTURE_AUTORELEASING = YES;
				CLANG_WARN_BOOL_CONVERSION = YES;
				CLANG_WARN_COMMA = YES;
				CLANG_WARN_CONSTANT_CONVERSION = YES;
				CLANG_WARN_DEPRECATED_OBJC_IMPLEMENTATIONS = YES;
				CLANG_WARN_DIRECT_OBJC_ISA_USAGE = YES_ERROR;
				CLANG_WARN_DOCUMENTATION_COMMENTS = YES;
				CLANG_WARN_EMPTY_BODY = YES;
				CLANG_WARN_ENUM_CONVERSION = YES;
				CLANG_WARN_INFINITE_RECURSION = YES;
				CLANG_WARN_INT_CONVERSION = YES;
				CLANG_WARN_NON_LITERAL_NULL_CONVERSION = YES;
				CLANG_WARN_OBJC_IMPLICIT_RETAIN_SELF = YES;
				CLANG_WARN_OBJC_LITERAL_CONVERSION = YES;
				CLANG_WARN_OBJC_ROOT_CLASS = YES_ERROR;
				CLANG_WARN_QUOTED_INCLUDE_IN_FRAMEWORK_HEADER = YES;
				CLANG_WARN_RANGE_LOOP_ANALYSIS = YES;
				CLANG_WARN_STRICT_PROTOTYPES = YES;
				CLANG_WARN_SUSPICIOUS_MOVE = YES;
				CLANG_WARN_UNGUARDED_AVAILABILITY = YES_AGGRESSIVE;
				CLANG_WARN_UNREACHABLE_CODE = YES;
				CLANG_WARN__DUPLICATE_METHOD_MATCH = YES;
				COPY_PHASE_STRIP = NO;
				DEBUG_INFORMATION_FORMAT = dwarf;
				ENABLE_STRICT_OBJC_MSGSEND = YES;
				ENABLE_TESTABILITY = YES;
				GCC_C_LANGUAGE_STANDARD = gnu11;
				GCC_DYNAMIC_NO_PIC = NO;
				GCC_NO_COMMON_BLOCKS = YES;
				GCC_OPTIMIZATION_LEVEL = 0;
				GCC_PREPROCESSOR_DEFINITIONS = (
					"DEBUG=1",
					"$(inherited)",
				);
				GCC_WARN_64_TO_32_BIT_CONVERSION = YES;
				GCC_WARN_ABOUT_RETURN_TYPE = YES_ERROR;
				GCC_WARN_UNDECLARED_SELECTOR = YES;
				GCC_WARN_UNINITIALIZED_AUTOS = YES_AGGRESSIVE;
				GCC_WARN_UNUSED_FUNCTION = YES;
				GCC_WARN_UNUSED_VARIABLE = YES;
				IPHONEOS_DEPLOYMENT_TARGET = 14.0;
				MTL_ENABLE_DEBUG_INFO = INCLUDE_SOURCE;
				MTL_FAST_MATH = YES;
				ONLY_ACTIVE_ARCH = YES;
				SDKROOT = iphoneos;
				SWIFT_ACTIVE_COMPILATION_CONDITIONS = DEBUG;
				SWIFT_OPTIMIZATION_LEVEL = "-Onone";
			};
			name = Debug;
		};
		AF8C3B6F26562DFE0004C769 /* Release */ = {
			isa = XCBuildConfiguration;
			buildSettings = {
				ALWAYS_SEARCH_USER_PATHS = NO;
				CLANG_ANALYZER_NONNULL = YES;
				CLANG_ANALYZER_NUMBER_OBJECT_CONVERSION = YES_AGGRESSIVE;
				CLANG_CXX_LANGUAGE_STANDARD = "gnu++14";
				CLANG_CXX_LIBRARY = "libc++";
				CLANG_ENABLE_MODULES = YES;
				CLANG_ENABLE_OBJC_ARC = YES;
				CLANG_ENABLE_OBJC_WEAK = YES;
				CLANG_WARN_BLOCK_CAPTURE_AUTORELEASING = YES;
				CLANG_WARN_BOOL_CONVERSION = YES;
				CLANG_WARN_COMMA = YES;
				CLANG_WARN_CONSTANT_CONVERSION = YES;
				CLANG_WARN_DEPRECATED_OBJC_IMPLEMENTATIONS = YES;
				CLANG_WARN_DIRECT_OBJC_ISA_USAGE = YES_ERROR;
				CLANG_WARN_DOCUMENTATION_COMMENTS = YES;
				CLANG_WARN_EMPTY_BODY = YES;
				CLANG_WARN_ENUM_CONVERSION = YES;
				CLANG_WARN_INFINITE_RECURSION = YES;
				CLANG_WARN_INT_CONVERSION = YES;
				CLANG_WARN_NON_LITERAL_NULL_CONVERSION = YES;
				CLANG_WARN_OBJC_IMPLICIT_RETAIN_SELF = YES;
				CLANG_WARN_OBJC_LITERAL_CONVERSION = YES;
				CLANG_WARN_OBJC_ROOT_CLASS = YES_ERROR;
				CLANG_WARN_QUOTED_INCLUDE_IN_FRAMEWORK_HEADER = YES;
				CLANG_WARN_RANGE_LOOP_ANALYSIS = YES;
				CLANG_WARN_STRICT_PROTOTYPES = YES;
				CLANG_WARN_SUSPICIOUS_MOVE = YES;
				CLANG_WARN_UNGUARDED_AVAILABILITY = YES_AGGRESSIVE;
				CLANG_WARN_UNREACHABLE_CODE = YES;
				CLANG_WARN__DUPLICATE_METHOD_MATCH = YES;
				COPY_PHASE_STRIP = NO;
				DEBUG_INFORMATION_FORMAT = "dwarf-with-dsym";
				ENABLE_NS_ASSERTIONS = NO;
				ENABLE_STRICT_OBJC_MSGSEND = YES;
				GCC_C_LANGUAGE_STANDARD = gnu11;
				GCC_NO_COMMON_BLOCKS = YES;
				GCC_WARN_64_TO_32_BIT_CONVERSION = YES;
				GCC_WARN_ABOUT_RETURN_TYPE = YES_ERROR;
				GCC_WARN_UNDECLARED_SELECTOR = YES;
				GCC_WARN_UNINITIALIZED_AUTOS = YES_AGGRESSIVE;
				GCC_WARN_UNUSED_FUNCTION = YES;
				GCC_WARN_UNUSED_VARIABLE = YES;
				IPHONEOS_DEPLOYMENT_TARGET = 14.0;
				MTL_ENABLE_DEBUG_INFO = NO;
				MTL_FAST_MATH = YES;
				SDKROOT = iphoneos;
				SWIFT_COMPILATION_MODE = wholemodule;
				SWIFT_OPTIMIZATION_LEVEL = "-O";
				VALIDATE_PRODUCT = YES;
			};
			name = Release;
		};
		AF8C3B7126562DFE0004C769 /* Debug */ = {
			isa = XCBuildConfiguration;
			buildSettings = {
				ASSETCATALOG_COMPILER_APPICON_NAME = AppIcon;
				ASSETCATALOG_COMPILER_GLOBAL_ACCENT_COLOR_NAME = AccentColor;
				CODE_SIGN_STYLE = Automatic;
				DEVELOPMENT_ASSET_PATHS = "\"project 9/Preview Content\"";
				DEVELOPMENT_TEAM = WBND8H9MX8;
				ENABLE_PREVIEWS = YES;
				INFOPLIST_FILE = "project 9/Info.plist";
				IPHONEOS_DEPLOYMENT_TARGET = 14.0;
				LD_RUNPATH_SEARCH_PATHS = (
					"$(inherited)",
					"@executable_path/Frameworks",
				);
				PRODUCT_BUNDLE_IDENTIFIER = "com.ansa.project-9";
				PRODUCT_NAME = "$(TARGET_NAME)";
				SWIFT_VERSION = 5.0;
				TARGETED_DEVICE_FAMILY = "1,2";
			};
			name = Debug;
		};
		AF8C3B7226562DFE0004C769 /* Release */ = {
			isa = XCBuildConfiguration;
			buildSettings = {
				ASSETCATALOG_COMPILER_APPICON_NAME = AppIcon;
				ASSETCATALOG_COMPILER_GLOBAL_ACCENT_COLOR_NAME = AccentColor;
				CODE_SIGN_STYLE = Automatic;
				DEVELOPMENT_ASSET_PATHS = "\"project 9/Preview Content\"";
				DEVELOPMENT_TEAM = WBND8H9MX8;
				ENABLE_PREVIEWS = YES;
				INFOPLIST_FILE = "project 9/Info.plist";
				IPHONEOS_DEPLOYMENT_TARGET = 14.0;
				LD_RUNPATH_SEARCH_PATHS = (
					"$(inherited)",
					"@executable_path/Frameworks",
				);
				PRODUCT_BUNDLE_IDENTIFIER = "com.ansa.project-9";
				PRODUCT_NAME = "$(TARGET_NAME)";
				SWIFT_VERSION = 5.0;
				TARGETED_DEVICE_FAMILY = "1,2";
			};
			name = Release;
		};
/* End XCBuildConfiguration section */

/* Begin XCConfigurationList section */
		AF8C3B5C26562DFB0004C769 /* Build configuration list for PBXProject "project 9" */ = {
			isa = XCConfigurationList;
			buildConfigurations = (
				AF8C3B6E26562DFE0004C769 /* Debug */,
				AF8C3B6F26562DFE0004C769 /* Release */,
			);
			defaultConfigurationIsVisible = 0;
			defaultConfigurationName = Release;
		};
		AF8C3B7026562DFE0004C769 /* Build configuration list for PBXNativeTarget "project 9" */ = {
			isa = XCConfigurationList;
			buildConfigurations = (
				AF8C3B7126562DFE0004C769 /* Debug */,
				AF8C3B7226562DFE0004C769 /* Release */,
			);
			defaultConfigurationIsVisible = 0;
			defaultConfigurationName = Release;
		};
/* End XCConfigurationList section */
	};
	rootObject = AF8C3B5926562DFB0004C769 /* Project object */;
}
